# This file is autogenerated, do not edit; changes may be undone by the next 'dep ensure'.


[[projects]]
  branch = "master"
  name = "github.com/BurntSushi/toml"
  packages = ["."]
  revision = "a368813c5e648fee92e5f6c30e3944ff9d5e8895"

[[projects]]
  branch = "master"
  name = "github.com/inconshreveable/mousetrap"
  packages = ["."]
  revision = "76626ae9c91c4f2a10f34cad8ce83ea42c93bb75"

[[projects]]
  branch = "master"
  name = "github.com/jteeuwen/go-bindata"
  packages = [".","go-bindata"]
  revision = "a0ff2567cfb70903282db057e799fd826784d41d"

[[projects]]
  name = "github.com/pkg/errors"
  packages = ["."]
  revision = "645ef00459ed84a119197bfb8d8205042c6df63d"
  version = "v0.8.0"

[[projects]]
  branch = "master"
  name = "github.com/spf13/cobra"
  packages = ["."]
  revision = "7be4beda01ec05d0b93d80b3facd2b6f44080d94"

[[projects]]
  branch = "master"
  name = "github.com/spf13/pflag"
  packages = ["."]
  revision = "9ff6c6923cfffbcd502984b8e0c80539a94968b7"

[solve-meta]
  analyzer-name = "dep"
  analyzer-version = 1
  inputs-digest = "53eb5218ae72f997e47187124310fbe60b15a5bc78c99081d27d2d2dd493a943"
  solver-name = "gps-cdcl"
  solver-version = 1
